// !$*UTF8*$!
{
	archiveVersion = 1;
	classes = {
	};
	objectVersion = 56;
	objects = {

/* Begin PBXBuildFile section */
		4AD1A1282A7BB18F00CB8DB0 /* AppDelegate.swift in Sources */ = {isa = PBXBuildFile; fileRef = 4AD1A1272A7BB18F00CB8DB0 /* AppDelegate.swift */; };
		4AD1A12A2A7BB18F00CB8DB0 /* SceneDelegate.swift in Sources */ = {isa = PBXBuildFile; fileRef = 4AD1A1292A7BB18F00CB8DB0 /* SceneDelegate.swift */; };
		4AD1A12C2A7BB18F00CB8DB0 /* ViewController.swift in Sources */ = {isa = PBXBuildFile; fileRef = 4AD1A12B2A7BB18F00CB8DB0 /* ViewController.swift */; };
		4AD1A12F2A7BB18F00CB8DB0 /* Main.storyboard in Resources */ = {isa = PBXBuildFile; fileRef = 4AD1A12D2A7BB18F00CB8DB0 /* Main.storyboard */; };
		4AD1A1312A7BB19100CB8DB0 /* Assets.xcassets in Resources */ = {isa = PBXBuildFile; fileRef = 4AD1A1302A7BB19100CB8DB0 /* Assets.xcassets */; };
		4AD1A1342A7BB19100CB8DB0 /* LaunchScreen.storyboard in Resources */ = {isa = PBXBuildFile; fileRef = 4AD1A1322A7BB19100CB8DB0 /* LaunchScreen.storyboard */; };
		4AD1A13F2A7BB19200CB8DB0 /* ProgrammaticCollectionViewTests.swift in Sources */ = {isa = PBXBuildFile; fileRef = 4AD1A13E2A7BB19200CB8DB0 /* ProgrammaticCollectionViewTests.swift */; };
		4AD1A1492A7BB19200CB8DB0 /* ProgrammaticCollectionViewUITests.swift in Sources */ = {isa = PBXBuildFile; fileRef = 4AD1A1482A7BB19200CB8DB0 /* ProgrammaticCollectionViewUITests.swift */; };
		4AD1A14B2A7BB19200CB8DB0 /* ProgrammaticCollectionViewUITestsLaunchTests.swift in Sources */ = {isa = PBXBuildFile; fileRef = 4AD1A14A2A7BB19200CB8DB0 /* ProgrammaticCollectionViewUITestsLaunchTests.swift */; };
		4AD1A1582A7BB90400CB8DB0 /* CollectionViewCell.swift in Sources */ = {isa = PBXBuildFile; fileRef = 4AD1A1572A7BB90400CB8DB0 /* CollectionViewCell.swift */; };
		4AD1A15A2A7BBA5A00CB8DB0 /* CollectionReusableView.swift in Sources */ = {isa = PBXBuildFile; fileRef = 4AD1A1592A7BBA5A00CB8DB0 /* CollectionReusableView.swift */; };
/* End PBXBuildFile section */

/* Begin PBXContainerItemProxy section */
		4AD1A13B2A7BB19200CB8DB0 /* PBXContainerItemProxy */ = {
			isa = PBXContainerItemProxy;
			containerPortal = 4AD1A11C2A7BB18F00CB8DB0 /* Project object */;
			proxyType = 1;
			remoteGlobalIDString = 4AD1A1232A7BB18F00CB8DB0;
			remoteInfo = ProgrammaticCollectionView;
		};
		4AD1A1452A7BB19200CB8DB0 /* PBXContainerItemProxy */ = {
			isa = PBXContainerItemProxy;
			containerPortal = 4AD1A11C2A7BB18F00CB8DB0 /* Project object */;
			proxyType = 1;
			remoteGlobalIDString = 4AD1A1232A7BB18F00CB8DB0;
			remoteInfo = ProgrammaticCollectionView;
		};
/* End PBXContainerItemProxy section */

/* Begin PBXFileReference section */
		4AD1A1242A7BB18F00CB8DB0 /* ProgrammaticCollectionView.app */ = {isa = PBXFileReference; explicitFileType = wrapper.application; includeInIndex = 0; path = ProgrammaticCollectionView.app; sourceTree = BUILT_PRODUCTS_DIR; };
		4AD1A1272A7BB18F00CB8DB0 /* AppDelegate.swift */ = {isa = PBXFileReference; lastKnownFileType = sourcecode.swift; path = AppDelegate.swift; sourceTree = "<group>"; };
		4AD1A1292A7BB18F00CB8DB0 /* SceneDelegate.swift */ = {isa = PBXFileReference; lastKnownFileType = sourcecode.swift; path = SceneDelegate.swift; sourceTree = "<group>"; };
		4AD1A12B2A7BB18F00CB8DB0 /* ViewController.swift */ = {isa = PBXFileReference; lastKnownFileType = sourcecode.swift; path = ViewController.swift; sourceTree = "<group>"; };
		4AD1A12E2A7BB18F00CB8DB0 /* Base */ = {isa = PBXFileReference; lastKnownFileType = file.storyboard; name = Base; path = Base.lproj/Main.storyboard; sourceTree = "<group>"; };
		4AD1A1302A7BB19100CB8DB0 /* Assets.xcassets */ = {isa = PBXFileReference; lastKnownFileType = folder.assetcatalog; path = Assets.xcassets; sourceTree = "<group>"; };
		4AD1A1332A7BB19100CB8DB0 /* Base */ = {isa = PBXFileReference; lastKnownFileType = file.storyboard; name = Base; path = Base.lproj/LaunchScreen.storyboard; sourceTree = "<group>"; };
		4AD1A1352A7BB19100CB8DB0 /* Info.plist */ = {isa = PBXFileReference; lastKnownFileType = text.plist.xml; path = Info.plist; sourceTree = "<group>"; };
		4AD1A13A2A7BB19200CB8DB0 /* ProgrammaticCollectionViewTests.xctest */ = {isa = PBXFileReference; explicitFileType = wrapper.cfbundle; includeInIndex = 0; path = ProgrammaticCollectionViewTests.xctest; sourceTree = BUILT_PRODUCTS_DIR; };
		4AD1A13E2A7BB19200CB8DB0 /* ProgrammaticCollectionViewTests.swift */ = {isa = PBXFileReference; lastKnownFileType = sourcecode.swift; path = ProgrammaticCollectionViewTests.swift; sourceTree = "<group>"; };
		4AD1A1442A7BB19200CB8DB0 /* ProgrammaticCollectionViewUITests.xctest */ = {isa = PBXFileReference; explicitFileType = wrapper.cfbundle; includeInIndex = 0; path = ProgrammaticCollectionViewUITests.xctest; sourceTree = BUILT_PRODUCTS_DIR; };
		4AD1A1482A7BB19200CB8DB0 /* ProgrammaticCollectionViewUITests.swift */ = {isa = PBXFileReference; lastKnownFileType = sourcecode.swift; path = ProgrammaticCollectionViewUITests.swift; sourceTree = "<group>"; };
		4AD1A14A2A7BB19200CB8DB0 /* ProgrammaticCollectionViewUITestsLaunchTests.swift */ = {isa = PBXFileReference; lastKnownFileType = sourcecode.swift; path = ProgrammaticCollectionViewUITestsLaunchTests.swift; sourceTree = "<group>"; };
		4AD1A1572A7BB90400CB8DB0 /* CollectionViewCell.swift */ = {isa = PBXFileReference; lastKnownFileType = sourcecode.swift; path = CollectionViewCell.swift; sourceTree = "<group>"; };
		4AD1A1592A7BBA5A00CB8DB0 /* CollectionReusableView.swift */ = {isa = PBXFileReference; lastKnownFileType = sourcecode.swift; path = CollectionReusableView.swift; sourceTree = "<group>"; };
/* End PBXFileReference section */

/* Begin PBXFrameworksBuildPhase section */
		4AD1A1212A7BB18F00CB8DB0 /* Frameworks */ = {
			isa = PBXFrameworksBuildPhase;
			buildActionMask = 2147483647;
			files = (
			);
			runOnlyForDeploymentPostprocessing = 0;
		};
		4AD1A1372A7BB19200CB8DB0 /* Frameworks */ = {
			isa = PBXFrameworksBuildPhase;
			buildActionMask = 2147483647;
			files = (
			);
			runOnlyForDeploymentPostprocessing = 0;
		};
		4AD1A1412A7BB19200CB8DB0 /* Frameworks */ = {
			isa = PBXFrameworksBuildPhase;
			buildActionMask = 2147483647;
			files = (
			);
			runOnlyForDeploymentPostprocessing = 0;
		};
/* End PBXFrameworksBuildPhase section */

/* Begin PBXGroup section */
		4AD1A11B2A7BB18F00CB8DB0 = {
			isa = PBXGroup;
			children = (
				4AD1A1262A7BB18F00CB8DB0 /* ProgrammaticCollectionView */,
				4AD1A13D2A7BB19200CB8DB0 /* ProgrammaticCollectionViewTests */,
				4AD1A1472A7BB19200CB8DB0 /* ProgrammaticCollectionViewUITests */,
				4AD1A1252A7BB18F00CB8DB0 /* Products */,
			);
			sourceTree = "<group>";
		};
		4AD1A1252A7BB18F00CB8DB0 /* Products */ = {
			isa = PBXGroup;
			children = (
				4AD1A1242A7BB18F00CB8DB0 /* ProgrammaticCollectionView.app */,
				4AD1A13A2A7BB19200CB8DB0 /* ProgrammaticCollectionViewTests.xctest */,
				4AD1A1442A7BB19200CB8DB0 /* ProgrammaticCollectionViewUITests.xctest */,
			);
			name = Products;
			sourceTree = "<group>";
		};
		4AD1A1262A7BB18F00CB8DB0 /* ProgrammaticCollectionView */ = {
			isa = PBXGroup;
			children = (
				4AD1A1272A7BB18F00CB8DB0 /* AppDelegate.swift */,
				4AD1A1292A7BB18F00CB8DB0 /* SceneDelegate.swift */,
				4AD1A12B2A7BB18F00CB8DB0 /* ViewController.swift */,
				4AD1A12D2A7BB18F00CB8DB0 /* Main.storyboard */,
				4AD1A1572A7BB90400CB8DB0 /* CollectionViewCell.swift */,
				4AD1A1592A7BBA5A00CB8DB0 /* CollectionReusableView.swift */,
				4AD1A1302A7BB19100CB8DB0 /* Assets.xcassets */,
				4AD1A1322A7BB19100CB8DB0 /* LaunchScreen.storyboard */,
				4AD1A1352A7BB19100CB8DB0 /* Info.plist */,
			);
			path = ProgrammaticCollectionView;
			sourceTree = "<group>";
		};
		4AD1A13D2A7BB19200CB8DB0 /* ProgrammaticCollectionViewTests */ = {
			isa = PBXGroup;
			children = (
				4AD1A13E2A7BB19200CB8DB0 /* ProgrammaticCollectionViewTests.swift */,
			);
			path = ProgrammaticCollectionViewTests;
			sourceTree = "<group>";
		};
		4AD1A1472A7BB19200CB8DB0 /* ProgrammaticCollectionViewUITests */ = {
			isa = PBXGroup;
			children = (
				4AD1A1482A7BB19200CB8DB0 /* ProgrammaticCollectionViewUITests.swift */,
				4AD1A14A2A7BB19200CB8DB0 /* ProgrammaticCollectionViewUITestsLaunchTests.swift */,
			);
			path = ProgrammaticCollectionViewUITests;
			sourceTree = "<group>";
		};
/* End PBXGroup section */

/* Begin PBXNativeTarget section */
		4AD1A1232A7BB18F00CB8DB0 /* ProgrammaticCollectionView */ = {
			isa = PBXNativeTarget;
			buildConfigurationList = 4AD1A14E2A7BB19200CB8DB0 /* Build configuration list for PBXNativeTarget "ProgrammaticCollectionView" */;
			buildPhases = (
				4AD1A1202A7BB18F00CB8DB0 /* Sources */,
				4AD1A1212A7BB18F00CB8DB0 /* Frameworks */,
				4AD1A1222A7BB18F00CB8DB0 /* Resources */,
			);
			buildRules = (
			);
			dependencies = (
			);
			name = ProgrammaticCollectionView;
			productName = ProgrammaticCollectionView;
			productReference = 4AD1A1242A7BB18F00CB8DB0 /* ProgrammaticCollectionView.app */;
			productType = "com.apple.product-type.application";
		};
		4AD1A1392A7BB19200CB8DB0 /* ProgrammaticCollectionViewTests */ = {
			isa = PBXNativeTarget;
			buildConfigurationList = 4AD1A1512A7BB19200CB8DB0 /* Build configuration list for PBXNativeTarget "ProgrammaticCollectionViewTests" */;
			buildPhases = (
				4AD1A1362A7BB19200CB8DB0 /* Sources */,
				4AD1A1372A7BB19200CB8DB0 /* Frameworks */,
				4AD1A1382A7BB19200CB8DB0 /* Resources */,
			);
			buildRules = (
			);
			dependencies = (
				4AD1A13C2A7BB19200CB8DB0 /* PBXTargetDependency */,
			);
			name = ProgrammaticCollectionViewTests;
			productName = ProgrammaticCollectionViewTests;
			productReference = 4AD1A13A2A7BB19200CB8DB0 /* ProgrammaticCollectionViewTests.xctest */;
			productType = "com.apple.product-type.bundle.unit-test";
		};
		4AD1A1432A7BB19200CB8DB0 /* ProgrammaticCollectionViewUITests */ = {
			isa = PBXNativeTarget;
			buildConfigurationList = 4AD1A1542A7BB19200CB8DB0 /* Build configuration list for PBXNativeTarget "ProgrammaticCollectionViewUITests" */;
			buildPhases = (
				4AD1A1402A7BB19200CB8DB0 /* Sources */,
				4AD1A1412A7BB19200CB8DB0 /* Frameworks */,
				4AD1A1422A7BB19200CB8DB0 /* Resources */,
			);
			buildRules = (
			);
			dependencies = (
				4AD1A1462A7BB19200CB8DB0 /* PBXTargetDependency */,
			);
			name = ProgrammaticCollectionViewUITests;
			productName = ProgrammaticCollectionViewUITests;
			productReference = 4AD1A1442A7BB19200CB8DB0 /* ProgrammaticCollectionViewUITests.xctest */;
			productType = "com.apple.product-type.bundle.ui-testing";
		};
/* End PBXNativeTarget section */

/* Begin PBXProject section */
		4AD1A11C2A7BB18F00CB8DB0 /* Project object */ = {
			isa = PBXProject;
			attributes = {
				BuildIndependentTargetsInParallel = 1;
				LastSwiftUpdateCheck = 1420;
				LastUpgradeCheck = 1420;
				TargetAttributes = {
					4AD1A1232A7BB18F00CB8DB0 = {
						CreatedOnToolsVersion = 14.2;
					};
					4AD1A1392A7BB19200CB8DB0 = {
						CreatedOnToolsVersion = 14.2;
						TestTargetID = 4AD1A1232A7BB18F00CB8DB0;
					};
					4AD1A1432A7BB19200CB8DB0 = {
						CreatedOnToolsVersion = 14.2;
						TestTargetID = 4AD1A1232A7BB18F00CB8DB0;
					};
				};
			};
			buildConfigurationList = 4AD1A11F2A7BB18F00CB8DB0 /* Build configuration list for PBXProject "ProgrammaticCollectionView" */;
			compatibilityVersion = "Xcode 14.0";
			developmentRegion = en;
			hasScannedForEncodings = 0;
			knownRegions = (
				en,
				Base,
			);
			mainGroup = 4AD1A11B2A7BB18F00CB8DB0;
			productRefGroup = 4AD1A1252A7BB18F00CB8DB0 /* Products */;
			projectDirPath = "";
			projectRoot = "";
			targets = (
				4AD1A1232A7BB18F00CB8DB0 /* ProgrammaticCollectionView */,
				4AD1A1392A7BB19200CB8DB0 /* ProgrammaticCollectionViewTests */,
				4AD1A1432A7BB19200CB8DB0 /* ProgrammaticCollectionViewUITests */,
			);
		};
/* End PBXProject section */

/* Begin PBXResourcesBuildPhase section */
		4AD1A1222A7BB18F00CB8DB0 /* Resources */ = {
			isa = PBXResourcesBuildPhase;
			buildActionMask = 2147483647;
			files = (
				4AD1A1342A7BB19100CB8DB0 /* LaunchScreen.storyboard in Resources */,
				4AD1A1312A7BB19100CB8DB0 /* Assets.xcassets in Resources */,
				4AD1A12F2A7BB18F00CB8DB0 /* Main.storyboard in Resources */,
			);
			runOnlyForDeploymentPostprocessing = 0;
		};
		4AD1A1382A7BB19200CB8DB0 /* Resources */ = {
			isa = PBXResourcesBuildPhase;
			buildActionMask = 2147483647;
			files = (
			);
			runOnlyForDeploymentPostprocessing = 0;
		};
		4AD1A1422A7BB19200CB8DB0 /* Resources */ = {
			isa = PBXResourcesBuildPhase;
			buildActionMask = 2147483647;
			files = (
			);
			runOnlyForDeploymentPostprocessing = 0;
		};
/* End PBXResourcesBuildPhase section */

/* Begin PBXSourcesBuildPhase section */
		4AD1A1202A7BB18F00CB8DB0 /* Sources */ = {
			isa = PBXSourcesBuildPhase;
			buildActionMask = 2147483647;
			files = (
				4AD1A12C2A7BB18F00CB8DB0 /* ViewController.swift in Sources */,
				4AD1A1282A7BB18F00CB8DB0 /* AppDelegate.swift in Sources */,
				4AD1A1582A7BB90400CB8DB0 /* CollectionViewCell.swift in Sources */,
				4AD1A15A2A7BBA5A00CB8DB0 /* CollectionReusableView.swift in Sources */,
				4AD1A12A2A7BB18F00CB8DB0 /* SceneDelegate.swift in Sources */,
			);
			runOnlyForDeploymentPostprocessing = 0;
		};
		4AD1A1362A7BB19200CB8DB0 /* Sources */ = {
			isa = PBXSourcesBuildPhase;
			buildActionMask = 2147483647;
			files = (
				4AD1A13F2A7BB19200CB8DB0 /* ProgrammaticCollectionViewTests.swift in Sources */,
			);
			runOnlyForDeploymentPostprocessing = 0;
		};
		4AD1A1402A7BB19200CB8DB0 /* Sources */ = {
			isa = PBXSourcesBuildPhase;
			buildActionMask = 2147483647;
			files = (
				4AD1A1492A7BB19200CB8DB0 /* ProgrammaticCollectionViewUITests.swift in Sources */,
				4AD1A14B2A7BB19200CB8DB0 /* ProgrammaticCollectionViewUITestsLaunchTests.swift in Sources */,
			);
			runOnlyForDeploymentPostprocessing = 0;
		};
/* End PBXSourcesBuildPhase section */

/* Begin PBXTargetDependency section */
		4AD1A13C2A7BB19200CB8DB0 /* PBXTargetDependency */ = {
			isa = PBXTargetDependency;
			target = 4AD1A1232A7BB18F00CB8DB0 /* ProgrammaticCollectionView */;
			targetProxy = 4AD1A13B2A7BB19200CB8DB0 /* PBXContainerItemProxy */;
		};
		4AD1A1462A7BB19200CB8DB0 /* PBXTargetDependency */ = {
			isa = PBXTargetDependency;
			target = 4AD1A1232A7BB18F00CB8DB0 /* ProgrammaticCollectionView */;
			targetProxy = 4AD1A1452A7BB19200CB8DB0 /* PBXContainerItemProxy */;
		};
/* End PBXTargetDependency section */

/* Begin PBXVariantGroup section */
		4AD1A12D2A7BB18F00CB8DB0 /* Main.storyboard */ = {
			isa = PBXVariantGroup;
			children = (
				4AD1A12E2A7BB18F00CB8DB0 /* Base */,
			);
			name = Main.storyboard;
			sourceTree = "<group>";
		};
		4AD1A1322A7BB19100CB8DB0 /* LaunchScreen.storyboard */ = {
			isa = PBXVariantGroup;
			children = (
				4AD1A1332A7BB19100CB8DB0 /* Base */,
			);
			name = LaunchScreen.storyboard;
			sourceTree = "<group>";
		};
/* End PBXVariantGroup section */

/* Begin XCBuildConfiguration section */
		4AD1A14C2A7BB19200CB8DB0 /* Debug */ = {
			isa = XCBuildConfiguration;
			buildSettings = {
				ALWAYS_SEARCH_USER_PATHS = NO;
				CLANG_ANALYZER_NONNULL = YES;
				CLANG_ANALYZER_NUMBER_OBJECT_CONVERSION = YES_AGGRESSIVE;
				CLANG_CXX_LANGUAGE_STANDARD = "gnu++20";
				CLANG_ENABLE_MODULES = YES;
				CLANG_ENABLE_OBJC_ARC = YES;
				CLANG_ENABLE_OBJC_WEAK = YES;
				CLANG_WARN_BLOCK_CAPTURE_AUTORELEASING = YES;
				CLANG_WARN_BOOL_CONVERSION = YES;
				CLANG_WARN_COMMA = YES;
				CLANG_WARN_CONSTANT_CONVERSION = YES;
				CLANG_WARN_DEPRECATED_OBJC_IMPLEMENTATIONS = YES;
				CLANG_WARN_DIRECT_OBJC_ISA_USAGE = YES_ERROR;
				CLANG_WARN_DOCUMENTATION_COMMENTS = YES;
				CLANG_WARN_EMPTY_BODY = YES;
				CLANG_WARN_ENUM_CONVERSION = YES;
				CLANG_WARN_INFINITE_RECURSION = YES;
				CLANG_WARN_INT_CONVERSION = YES;
				CLANG_WARN_NON_LITERAL_NULL_CONVERSION = YES;
				CLANG_WARN_OBJC_IMPLICIT_RETAIN_SELF = YES;
				CLANG_WARN_OBJC_LITERAL_CONVERSION = YES;
				CLANG_WARN_OBJC_ROOT_CLASS = YES_ERROR;
				CLANG_WARN_QUOTED_INCLUDE_IN_FRAMEWORK_HEADER = YES;
				CLANG_WARN_RANGE_LOOP_ANALYSIS = YES;
				CLANG_WARN_STRICT_PROTOTYPES = YES;
				CLANG_WARN_SUSPICIOUS_MOVE = YES;
				CLANG_WARN_UNGUARDED_AVAILABILITY = YES_AGGRESSIVE;
				CLANG_WARN_UNREACHABLE_CODE = YES;
				CLANG_WARN__DUPLICATE_METHOD_MATCH = YES;
				COPY_PHASE_STRIP = NO;
				DEBUG_INFORMATION_FORMAT = dwarf;
				ENABLE_STRICT_OBJC_MSGSEND = YES;
				ENABLE_TESTABILITY = YES;
				GCC_C_LANGUAGE_STANDARD = gnu11;
				GCC_DYNAMIC_NO_PIC = NO;
				GCC_NO_COMMON_BLOCKS = YES;
				GCC_OPTIMIZATION_LEVEL = 0;
				GCC_PREPROCESSOR_DEFINITIONS = (
					"DEBUG=1",
					"$(inherited)",
				);
				GCC_WARN_64_TO_32_BIT_CONVERSION = YES;
				GCC_WARN_ABOUT_RETURN_TYPE = YES_ERROR;
				GCC_WARN_UNDECLARED_SELECTOR = YES;
				GCC_WARN_UNINITIALIZED_AUTOS = YES_AGGRESSIVE;
				GCC_WARN_UNUSED_FUNCTION = YES;
				GCC_WARN_UNUSED_VARIABLE = YES;
				IPHONEOS_DEPLOYMENT_TARGET = 16.2;
				MTL_ENABLE_DEBUG_INFO = INCLUDE_SOURCE;
				MTL_FAST_MATH = YES;
				ONLY_ACTIVE_ARCH = YES;
				SDKROOT = iphoneos;
				SWIFT_ACTIVE_COMPILATION_CONDITIONS = DEBUG;
				SWIFT_OPTIMIZATION_LEVEL = "-Onone";
			};
			name = Debug;
		};
		4AD1A14D2A7BB19200CB8DB0 /* Release */ = {
			isa = XCBuildConfiguration;
			buildSettings = {
				ALWAYS_SEARCH_USER_PATHS = NO;
				CLANG_ANALYZER_NONNULL = YES;
				CLANG_ANALYZER_NUMBER_OBJECT_CONVERSION = YES_AGGRESSIVE;
				CLANG_CXX_LANGUAGE_STANDARD = "gnu++20";
				CLANG_ENABLE_MODULES = YES;
				CLANG_ENABLE_OBJC_ARC = YES;
				CLANG_ENABLE_OBJC_WEAK = YES;
				CLANG_WARN_BLOCK_CAPTURE_AUTORELEASING = YES;
				CLANG_WARN_BOOL_CONVERSION = YES;
				CLANG_WARN_COMMA = YES;
				CLANG_WARN_CONSTANT_CONVERSION = YES;
				CLANG_WARN_DEPRECATED_OBJC_IMPLEMENTATIONS = YES;
				CLANG_WARN_DIRECT_OBJC_ISA_USAGE = YES_ERROR;
				CLANG_WARN_DOCUMENTATION_COMMENTS = YES;
				CLANG_WARN_EMPTY_BODY = YES;
				CLANG_WARN_ENUM_CONVERSION = YES;
				CLANG_WARN_INFINITE_RECURSION = YES;
				CLANG_WARN_INT_CONVERSION = YES;
				CLANG_WARN_NON_LITERAL_NULL_CONVERSION = YES;
				CLANG_WARN_OBJC_IMPLICIT_RETAIN_SELF = YES;
				CLANG_WARN_OBJC_LITERAL_CONVERSION = YES;
				CLANG_WARN_OBJC_ROOT_CLASS = YES_ERROR;
				CLANG_WARN_QUOTED_INCLUDE_IN_FRAMEWORK_HEADER = YES;
				CLANG_WARN_RANGE_LOOP_ANALYSIS = YES;
				CLANG_WARN_STRICT_PROTOTYPES = YES;
				CLANG_WARN_SUSPICIOUS_MOVE = YES;
				CLANG_WARN_UNGUARDED_AVAILABILITY = YES_AGGRESSIVE;
				CLANG_WARN_UNREACHABLE_CODE = YES;
				CLANG_WARN__DUPLICATE_METHOD_MATCH = YES;
				COPY_PHASE_STRIP = NO;
				DEBUG_INFORMATION_FORMAT = "dwarf-with-dsym";
				ENABLE_NS_ASSERTIONS = NO;
				ENABLE_STRICT_OBJC_MSGSEND = YES;
				GCC_C_LANGUAGE_STANDARD = gnu11;
				GCC_NO_COMMON_BLOCKS = YES;
				GCC_WARN_64_TO_32_BIT_CONVERSION = YES;
				GCC_WARN_ABOUT_RETURN_TYPE = YES_ERROR;
				GCC_WARN_UNDECLARED_SELECTOR = YES;
				GCC_WARN_UNINITIALIZED_AUTOS = YES_AGGRESSIVE;
				GCC_WARN_UNUSED_FUNCTION = YES;
				GCC_WARN_UNUSED_VARIABLE = YES;
				IPHONEOS_DEPLOYMENT_TARGET = 16.2;
				MTL_ENABLE_DEBUG_INFO = NO;
				MTL_FAST_MATH = YES;
				SDKROOT = iphoneos;
				SWIFT_COMPILATION_MODE = wholemodule;
				SWIFT_OPTIMIZATION_LEVEL = "-O";
				VALIDATE_PRODUCT = YES;
			};
			name = Release;
		};
		4AD1A14F2A7BB19200CB8DB0 /* Debug */ = {
			isa = XCBuildConfiguration;
			buildSettings = {
				ASSETCATALOG_COMPILER_APPICON_NAME = AppIcon;
				ASSETCATALOG_COMPILER_GLOBAL_ACCENT_COLOR_NAME = AccentColor;
				CODE_SIGN_STYLE = Automatic;
				CURRENT_PROJECT_VERSION = 1;
				GENERATE_INFOPLIST_FILE = YES;
				INFOPLIST_FILE = ProgrammaticCollectionView/Info.plist;
				INFOPLIST_KEY_UIApplicationSupportsIndirectInputEvents = YES;
				INFOPLIST_KEY_UILaunchStoryboardName = LaunchScreen;
				INFOPLIST_KEY_UIMainStoryboardFile = Main;
				INFOPLIST_KEY_UISupportedInterfaceOrientations_iPad = "UIInterfaceOrientationPortrait UIInterfaceOrientationPortraitUpsideDown UIInterfaceOrientationLandscapeLeft UIInterfaceOrientationLandscapeRight";
				INFOPLIST_KEY_UISupportedInterfaceOrientations_iPhone = "UIInterfaceOrientationPortrait UIInterfaceOrientationLandscapeLeft UIInterfaceOrientationLandscapeRight";
				LD_RUNPATH_SEARCH_PATHS = (
					"$(inherited)",
					"@executable_path/Frameworks",
				);
				MARKETING_VERSION = 1.0;
				PRODUCT_BUNDLE_IDENTIFIER = com.chintan.ProgrammaticCollectionView;
				PRODUCT_NAME = "$(TARGET_NAME)";
				SWIFT_EMIT_LOC_STRINGS = YES;
				SWIFT_VERSION = 5.0;
				TARGETED_DEVICE_FAMILY = "1,2";
			};
			name = Debug;
		};
		4AD1A1502A7BB19200CB8DB0 /* Release */ = {
			isa = XCBuildConfiguration;
			buildSettings = {
				ASSETCATALOG_COMPILER_APPICON_NAME = AppIcon;
				ASSETCATALOG_COMPILER_GLOBAL_ACCENT_COLOR_NAME = AccentColor;
				CODE_SIGN_STYLE = Automatic;
				CURRENT_PROJECT_VERSION = 1;
				GENERATE_INFOPLIST_FILE = YES;
				INFOPLIST_FILE = ProgrammaticCollectionView/Info.plist;
				INFOPLIST_KEY_UIApplicationSupportsIndirectInputEvents = YES;
				INFOPLIST_KEY_UILaunchStoryboardName = LaunchScreen;
				INFOPLIST_KEY_UIMainStoryboardFile = Main;
				INFOPLIST_KEY_UISupportedInterfaceOrientations_iPad = "UIInterfaceOrientationPortrait UIInterfaceOrientationPortraitUpsideDown UIInterfaceOrientationLandscapeLeft UIInterfaceOrientationLandscapeRight";
				INFOPLIST_KEY_UISupportedInterfaceOrientations_iPhone = "UIInterfaceOrientationPortrait UIInterfaceOrientationLandscapeLeft UIInterfaceOrientationLandscapeRight";
				LD_RUNPATH_SEARCH_PATHS = (
					"$(inherited)",
					"@executable_path/Frameworks",
				);
				MARKETING_VERSION = 1.0;
				PRODUCT_BUNDLE_IDENTIFIER = com.chintan.ProgrammaticCollectionView;
				PRODUCT_NAME = "$(TARGET_NAME)";
				SWIFT_EMIT_LOC_STRINGS = YES;
				SWIFT_VERSION = 5.0;
				TARGETED_DEVICE_FAMILY = "1,2";
			};
			name = Release;
		};
		4AD1A1522A7BB19200CB8DB0 /* Debug */ = {
			isa = XCBuildConfiguration;
			buildSettings = {
				ALWAYS_EMBED_SWIFT_STANDARD_LIBRARIES = YES;
				BUNDLE_LOADER = "$(TEST_HOST)";
				CODE_SIGN_STYLE = Automatic;
				CURRENT_PROJECT_VERSION = 1;
				GENERATE_INFOPLIST_FILE = YES;
				IPHONEOS_DEPLOYMENT_TARGET = 16.2;
				MARKETING_VERSION = 1.0;
				PRODUCT_BUNDLE_IDENTIFIER = com.chintan.ProgrammaticCollectionViewTests;
				PRODUCT_NAME = "$(TARGET_NAME)";
				SWIFT_EMIT_LOC_STRINGS = NO;
				SWIFT_VERSION = 5.0;
				TARGETED_DEVICE_FAMILY = "1,2";
				TEST_HOST = "$(BUILT_PRODUCTS_DIR)/ProgrammaticCollectionView.app/$(BUNDLE_EXECUTABLE_FOLDER_PATH)/ProgrammaticCollectionView";
			};
			name = Debug;
		};
		4AD1A1532A7BB19200CB8DB0 /* Release */ = {
			isa = XCBuildConfiguration;
			buildSettings = {
				ALWAYS_EMBED_SWIFT_STANDARD_LIBRARIES = YES;
				BUNDLE_LOADER = "$(TEST_HOST)";
				CODE_SIGN_STYLE = Automatic;
				CURRENT_PROJECT_VERSION = 1;
				GENERATE_INFOPLIST_FILE = YES;
				IPHONEOS_DEPLOYMENT_TARGET = 16.2;
				MARKETING_VERSION = 1.0;
				PRODUCT_BUNDLE_IDENTIFIER = com.chintan.ProgrammaticCollectionViewTests;
				PRODUCT_NAME = "$(TARGET_NAME)";
				SWIFT_EMIT_LOC_STRINGS = NO;
				SWIFT_VERSION = 5.0;
				TARGETED_DEVICE_FAMILY = "1,2";
				TEST_HOST = "$(BUILT_PRODUCTS_DIR)/ProgrammaticCollectionView.app/$(BUNDLE_EXECUTABLE_FOLDER_PATH)/ProgrammaticCollectionView";
			};
			name = Release;
		};
		4AD1A1552A7BB19200CB8DB0 /* Debug */ = {
			isa = XCBuildConfiguration;
			buildSettings = {
				ALWAYS_EMBED_SWIFT_STANDARD_LIBRARIES = YES;
				CODE_SIGN_STYLE = Automatic;
				CURRENT_PROJECT_VERSION = 1;
				GENERATE_INFOPLIST_FILE = YES;
				MARKETING_VERSION = 1.0;
				PRODUCT_BUNDLE_IDENTIFIER = com.chintan.ProgrammaticCollectionViewUITests;
				PRODUCT_NAME = "$(TARGET_NAME)";
				SWIFT_EMIT_LOC_STRINGS = NO;
				SWIFT_VERSION = 5.0;
				TARGETED_DEVICE_FAMILY = "1,2";
				TEST_TARGET_NAME = ProgrammaticCollectionView;
			};
			name = Debug;
		};
		4AD1A1562A7BB19200CB8DB0 /* Release */ = {
			isa = XCBuildConfiguration;
			buildSettings = {
				ALWAYS_EMBED_SWIFT_STANDARD_LIBRARIES = YES;
				CODE_SIGN_STYLE = Automatic;
				CURRENT_PROJECT_VERSION = 1;
				GENERATE_INFOPLIST_FILE = YES;
				MARKETING_VERSION = 1.0;
				PRODUCT_BUNDLE_IDENTIFIER = com.chintan.ProgrammaticCollectionViewUITests;
				PRODUCT_NAME = "$(TARGET_NAME)";
				SWIFT_EMIT_LOC_STRINGS = NO;
				SWIFT_VERSION = 5.0;
				TARGETED_DEVICE_FAMILY = "1,2";
				TEST_TARGET_NAME = ProgrammaticCollectionView;
			};
			name = Release;
		};
/* End XCBuildConfiguration section */

/* Begin XCConfigurationList section */
		4AD1A11F2A7BB18F00CB8DB0 /* Build configuration list for PBXProject "ProgrammaticCollectionView" */ = {
			isa = XCConfigurationList;
			buildConfigurations = (
				4AD1A14C2A7BB19200CB8DB0 /* Debug */,
				4AD1A14D2A7BB19200CB8DB0 /* Release */,
			);
			defaultConfigurationIsVisible = 0;
			defaultConfigurationName = Release;
		};
		4AD1A14E2A7BB19200CB8DB0 /* Build configuration list for PBXNativeTarget "ProgrammaticCollectionView" */ = {
			isa = XCConfigurationList;
			buildConfigurations = (
				4AD1A14F2A7BB19200CB8DB0 /* Debug */,
				4AD1A1502A7BB19200CB8DB0 /* Release */,
			);
			defaultConfigurationIsVisible = 0;
			defaultConfigurationName = Release;
		};
		4AD1A1512A7BB19200CB8DB0 /* Build configuration list for PBXNativeTarget "ProgrammaticCollectionViewTests" */ = {
			isa = XCConfigurationList;
			buildConfigurations = (
				4AD1A1522A7BB19200CB8DB0 /* Debug */,
				4AD1A1532A7BB19200CB8DB0 /* Release */,
			);
			defaultConfigurationIsVisible = 0;
			defaultConfigurationName = Release;
		};
		4AD1A1542A7BB19200CB8DB0 /* Build configuration list for PBXNativeTarget "ProgrammaticCollectionViewUITests" */ = {
			isa = XCConfigurationList;
			buildConfigurations = (
				4AD1A1552A7BB19200CB8DB0 /* Debug */,
				4AD1A1562A7BB19200CB8DB0 /* Release */,
			);
			defaultConfigurationIsVisible = 0;
			defaultConfigurationName = Release;
		};
/* End XCConfigurationList section */
	};
	rootObject = 4AD1A11C2A7BB18F00CB8DB0 /* Project object */;
}
